
Microsoft Visual Studio Solution File, Format Version 12.00
# Visual Studio 2013
VisualStudioVersion = 12.0.31101.0
MinimumVisualStudioVersion = 10.0.40219.1
Project("{FAE04EC0-301F-11D3-BF4B-00C04F79EFBC}") = "VS13.Lists.App", "VS13.Lists.App\VS13.Lists.App.csproj", "{EB457509-0B51-486D-93D7-BAE22B324E63}"
EndProject
Project("{FAE04EC0-301F-11D3-BF4B-00C04F79EFBC}") = "VS13.ContentTypes.App", "VS13.ContentTypes.App\VS13.ContentTypes.App.csproj", "{116D65D4-CA1B-40DD-A032-6B24014F6395}"
EndProject
Project("{FAE04EC0-301F-11D3-BF4B-00C04F79EFBC}") = "VS13.Forms.App", "VS13.Forms.App\VS13.Forms.App.csproj", "{B4FB2B04-5800-49FA-858B-9EF357752773}"
EndProject
Project("{FAE04EC0-301F-11D3-BF4B-00C04F79EFBC}") = "VS13.InternalAudit.App", "VS13.InternalAudit.App\VS13.InternalAudit.App.csproj", "{399A8861-8D84-4251-A22A-5DAFC67A5138}"
EndProject
Project("{FAE04EC0-301F-11D3-BF4B-00C04F79EFBC}") = "VS13.MasterPages.App", "VS13.MasterPages.App\VS13.MasterPages.App.csproj", "{60162A28-DEDB-4A1D-A3DA-445385689D06}"
EndProject
Project("{FAE04EC0-301F-11D3-BF4B-00C04F79EFBC}") = "VS13.WebParts.App", "VS13.WebParts.App\VS13.WebParts.App.csproj", "{05EC3CC5-A5D0-40D9-BF72-303E23C728D3}"
EndProject
Global
	GlobalSection(SolutionConfigurationPlatforms) = preSolution
		Debug|Any CPU = Debug|Any CPU
		Release|Any CPU = Release|Any CPU
	EndGlobalSection
	GlobalSection(ProjectConfigurationPlatforms) = postSolution
		{EB457509-0B51-486D-93D7-BAE22B324E63}.Debug|Any CPU.ActiveCfg = Debug|Any CPU
		{EB457509-0B51-486D-93D7-BAE22B324E63}.Debug|Any CPU.Build.0 = Debug|Any CPU
		{EB457509-0B51-486D-93D7-BAE22B324E63}.Debug|Any CPU.Deploy.0 = Debug|Any CPU
		{EB457509-0B51-486D-93D7-BAE22B324E63}.Release|Any CPU.ActiveCfg = Release|Any CPU
		{EB457509-0B51-486D-93D7-BAE22B324E63}.Release|Any CPU.Build.0 = Release|Any CPU
		{EB457509-0B51-486D-93D7-BAE22B324E63}.Release|Any CPU.Deploy.0 = Release|Any CPU
		{116D65D4-CA1B-40DD-A032-6B24014F6395}.Debug|Any CPU.ActiveCfg = Debug|Any CPU
		{116D65D4-CA1B-40DD-A032-6B24014F6395}.Debug|Any CPU.Build.0 = Debug|Any CPU
		{116D65D4-CA1B-40DD-A032-6B24014F6395}.Debug|Any CPU.Deploy.0 = Debug|Any CPU
		{116D65D4-CA1B-40DD-A032-6B24014F6395}.Release|Any CPU.ActiveCfg = Release|Any CPU
		{116D65D4-CA1B-40DD-A032-6B24014F6395}.Release|Any CPU.Build.0 = Release|Any CPU
		{116D65D4-CA1B-40DD-A032-6B24014F6395}.Release|Any CPU.Deploy.0 = Release|Any CPU
		{B4FB2B04-5800-49FA-858B-9EF357752773}.Debug|Any CPU.ActiveCfg = Debug|Any CPU
		{B4FB2B04-5800-49FA-858B-9EF357752773}.Debug|Any CPU.Build.0 = Debug|Any CPU
		{B4FB2B04-5800-49FA-858B-9EF357752773}.Debug|Any CPU.Deploy.0 = Debug|Any CPU
		{B4FB2B04-5800-49FA-858B-9EF357752773}.Release|Any CPU.ActiveCfg = Release|Any CPU
		{B4FB2B04-5800-49FA-858B-9EF357752773}.Release|Any CPU.Build.0 = Release|Any CPU
		{B4FB2B04-5800-49FA-858B-9EF357752773}.Release|Any CPU.Deploy.0 = Release|Any CPU
		{399A8861-8D84-4251-A22A-5DAFC67A5138}.Debug|Any CPU.ActiveCfg = Debug|Any CPU
		{399A8861-8D84-4251-A22A-5DAFC67A5138}.Debug|Any CPU.Build.0 = Debug|Any CPU
		{399A8861-8D84-4251-A22A-5DAFC67A5138}.Debug|Any CPU.Deploy.0 = Debug|Any CPU
		{399A8861-8D84-4251-A22A-5DAFC67A5138}.Release|Any CPU.ActiveCfg = Release|Any CPU
		{399A8861-8D84-4251-A22A-5DAFC67A5138}.Release|Any CPU.Build.0 = Release|Any CPU
		{399A8861-8D84-4251-A22A-5DAFC67A5138}.Release|Any CPU.Deploy.0 = Release|Any CPU
		{60162A28-DEDB-4A1D-A3DA-445385689D06}.Debug|Any CPU.ActiveCfg = Debug|Any CPU
		{60162A28-DEDB-4A1D-A3DA-445385689D06}.Debug|Any CPU.Build.0 = Debug|Any CPU
		{60162A28-DEDB-4A1D-A3DA-445385689D06}.Debug|Any CPU.Deploy.0 = Debug|Any CPU
		{60162A28-DEDB-4A1D-A3DA-445385689D06}.Release|Any CPU.ActiveCfg = Release|Any CPU
		{60162A28-DEDB-4A1D-A3DA-445385689D06}.Release|Any CPU.Build.0 = Release|Any CPU
		{60162A28-DEDB-4A1D-A3DA-445385689D06}.Release|Any CPU.Deploy.0 = Release|Any CPU
		{05EC3CC5-A5D0-40D9-BF72-303E23C728D3}.Debug|Any CPU.ActiveCfg = Debug|Any CPU
		{05EC3CC5-A5D0-40D9-BF72-303E23C728D3}.Debug|Any CPU.Build.0 = Debug|Any CPU
		{05EC3CC5-A5D0-40D9-BF72-303E23C728D3}.Debug|Any CPU.Deploy.0 = Debug|Any CPU
		{05EC3CC5-A5D0-40D9-BF72-303E23C728D3}.Release|Any CPU.ActiveCfg = Release|Any CPU
		{05EC3CC5-A5D0-40D9-BF72-303E23C728D3}.Release|Any CPU.Build.0 = Release|Any CPU
		{05EC3CC5-A5D0-40D9-BF72-303E23C728D3}.Release|Any CPU.Deploy.0 = Release|Any CPU
	EndGlobalSection
	GlobalSection(SolutionProperties) = preSolution
		HideSolutionNode = FALSE
	EndGlobalSection
EndGlobal
